
Microsoft Visual Studio Solution File, Format Version 12.00
# Visual Studio Version 16
VisualStudioVersion = 16.0.33529.622
MinimumVisualStudioVersion = 10.0.40219.1
Project("{FAE04EC0-301F-11D3-BF4B-00C04F79EFBC}") = "mvcWebApp", "mvcWebApp\mvcWebApp.csproj", "{256EAF5B-8292-48DE-AE70-B6FAF4FB4B1D}"
EndProject
Global
	GlobalSection(SolutionConfigurationPlatforms) = preSolution
		Debug|Any CPU = Debug|Any CPU
		Release|Any CPU = Release|Any CPU
	EndGlobalSection
	GlobalSection(ProjectConfigurationPlatforms) = postSolution
		{256EAF5B-8292-48DE-AE70-B6FAF4FB4B1D}.Debug|Any CPU.ActiveCfg = Debug|Any CPU
		{256EAF5B-8292-48DE-AE70-B6FAF4FB4B1D}.Debug|Any CPU.Build.0 = Debug|Any CPU
		{256EAF5B-8292-48DE-AE70-B6FAF4FB4B1D}.Release|Any CPU.ActiveCfg = Release|Any CPU
		{256EAF5B-8292-48DE-AE70-B6FAF4FB4B1D}.Release|Any CPU.Build.0 = Release|Any CPU
	EndGlobalSection
	GlobalSection(SolutionProperties) = preSolution
		HideSolutionNode = FALSE
	EndGlobalSection
	GlobalSection(ExtensibilityGlobals) = postSolution
		SolutionGuid = {2C83C78E-31AF-4486-AAB8-415361A5D34B}
	EndGlobalSection
EndGlobal
