
Microsoft Visual Studio Solution File, Format Version 12.00
# Visual Studio Version 16
VisualStudioVersion = 16.0.33529.622
MinimumVisualStudioVersion = 10.0.40219.1
Project("{FAE04EC0-301F-11D3-BF4B-00C04F79EFBC}") = "QuickAI", "QuickAI\QuickAI.csproj", "{BFB64085-2D00-4187-B8EC-9302CAC280D2}"
EndProject
Global
	GlobalSection(SolutionConfigurationPlatforms) = preSolution
		Debug|Any CPU = Debug|Any CPU
		Release|Any CPU = Release|Any CPU
	EndGlobalSection
	GlobalSection(ProjectConfigurationPlatforms) = postSolution
		{BFB64085-2D00-4187-B8EC-9302CAC280D2}.Debug|Any CPU.ActiveCfg = Debug|Any CPU
		{BFB64085-2D00-4187-B8EC-9302CAC280D2}.Debug|Any CPU.Build.0 = Debug|Any CPU
		{BFB64085-2D00-4187-B8EC-9302CAC280D2}.Release|Any CPU.ActiveCfg = Release|Any CPU
		{BFB64085-2D00-4187-B8EC-9302CAC280D2}.Release|Any CPU.Build.0 = Release|Any CPU
	EndGlobalSection
	GlobalSection(SolutionProperties) = preSolution
		HideSolutionNode = FALSE
	EndGlobalSection
	GlobalSection(ExtensibilityGlobals) = postSolution
		SolutionGuid = {80E6EB1E-E7FA-4813-9BE1-A51E1F35DF0F}
	EndGlobalSection
EndGlobal
